
Microsoft Visual Studio Solution File, Format Version 12.00
# Visual Studio Version 17
VisualStudioVersion = 17.0.32014.148
MinimumVisualStudioVersion = 10.0.40219.1
Project("{9A19103F-16F7-4668-BE54-9A1E7A4F7556}") = "WeatherForecast.API", "WeatherForecast.API\WeatherForecast.API.csproj", "{2D613A07-9549-412A-8F61-6CEF664B49E3}"
EndProject
Project("{2150E333-8FDC-42A3-9474-1A3956D46DE8}") = "Solution Items", "Solution Items", "{5BBE68E7-4264-4ABC-9DE1-1EE57EE9E6E1}"
	ProjectSection(SolutionItems) = preProject
		.editorconfig = .editorconfig
	EndProjectSection
EndProject
Project("{FAE04EC0-301F-11D3-BF4B-00C04F79EFBC}") = "WeatherForecast.API.Test", "WeatherForecast.API.Test\WeatherForecast.API.Test.csproj", "{5CC3FF6E-C148-4416-9E9E-44B63237A942}"
EndProject
Global
	GlobalSection(SolutionConfigurationPlatforms) = preSolution
		Debug|Any CPU = Debug|Any CPU
		Release|Any CPU = Release|Any CPU
	EndGlobalSection
	GlobalSection(ProjectConfigurationPlatforms) = postSolution
		{2D613A07-9549-412A-8F61-6CEF664B49E3}.Debug|Any CPU.ActiveCfg = Debug|Any CPU
		{2D613A07-9549-412A-8F61-6CEF664B49E3}.Debug|Any CPU.Build.0 = Debug|Any CPU
		{2D613A07-9549-412A-8F61-6CEF664B49E3}.Release|Any CPU.ActiveCfg = Release|Any CPU
		{2D613A07-9549-412A-8F61-6CEF664B49E3}.Release|Any CPU.Build.0 = Release|Any CPU
		{5CC3FF6E-C148-4416-9E9E-44B63237A942}.Debug|Any CPU.ActiveCfg = Debug|Any CPU
		{5CC3FF6E-C148-4416-9E9E-44B63237A942}.Debug|Any CPU.Build.0 = Debug|Any CPU
		{5CC3FF6E-C148-4416-9E9E-44B63237A942}.Release|Any CPU.ActiveCfg = Release|Any CPU
		{5CC3FF6E-C148-4416-9E9E-44B63237A942}.Release|Any CPU.Build.0 = Release|Any CPU
	EndGlobalSection
	GlobalSection(SolutionProperties) = preSolution
		HideSolutionNode = FALSE
	EndGlobalSection
	GlobalSection(ExtensibilityGlobals) = postSolution
		SolutionGuid = {D5F3F9D6-05B1-433F-9966-E40ED8489930}
	EndGlobalSection
EndGlobal
